# This file is automatically @generated by Cargo.
# It is not intended for manual editing.
version = 4

[[package]]
name = "figura"
version = "1.3.3"
dependencies = [
 "itoa",
 "zmij",
]

[[package]]
name = "itoa"
version = "1.0.15"
source = "registry+https://github.com/rust-lang/crates.io-index"
checksum = "4a5f13b858c8d314ee3e8f639011f7ccefe71f97f96e50151fb991f267928e2c"

[[package]]
name = "zmij"
version = "1.0.9"
source = "registry+https://github.com/rust-lang/crates.io-index"
checksum = "4ee2a72b10d087f75fb2e1c2c7343e308fe6970527c22a41caf8372e165ff5c1"
